<Solution>
  <Folder Name="/samples/">
    <Project Path="samples/AgentConsole/AgentConsole.csproj" />
    <Project Path="samples/GuidedTour/GuidedTour.csproj" />
    <Project Path="samples/LiveWhoAmITest/LiveWhoAmITest.csproj" />
    <Project Path="samples/MockAgentProvider/MockAgentProvider.csproj" />
    <Project Path="samples/MockPersonServer/MockPersonServer.csproj" />
    <Project Path="samples/Orchestrator/Orchestrator.csproj" />
    <Project Path="samples/SampleApp/SampleApp.csproj" />
    <Project Path="samples/WhoAmI/WhoAmI.csproj" />
  </Folder>
  <Folder Name="/src/">
    <Project Path="src/AAuth/AAuth.csproj" />
  </Folder>
  <Folder Name="/tests/">
    <Project Path="tests/AAuth.Conformance/AAuth.Conformance.csproj" />
    <Project Path="tests/AAuth.Tests/AAuth.Tests.csproj" />
  </Folder>
</Solution>
